{
  "originHash" : "5e1e9b7b5933896d1b39e9cbefbcb0a4b93b2a86b60814f5e0d3eae10b06acaa",
  "pins" : [
    {
      "identity" : "skprocessrunner",
      "kind" : "remoteSourceControl",
      "location" : "https://github.com/linhay/SKProcessRunner",
      "state" : {
        "revision" : "f432e9223555a3c945661669e8c81aa07a554dfa",
        "version" : "0.0.11"
      }
    },
    {
      "identity" : "sweetcookiekit",
      "kind" : "remoteSourceControl",
      "location" : "https://github.com/steipete/SweetCookieKit",
      "state" : {
        "revision" : "4d5b71ffbb296937dc5ee8472f64721bca771cf0",
        "version" : "0.4.0"
      }
    }
  ],
  "version" : 3
}
