{
  "originHash" : "b21dda77ae650cd2496dd658928202924fd386524582e839fcaf94feadaf63b6",
  "pins" : [
    {
      "identity" : "skprocessrunner",
      "kind" : "remoteSourceControl",
      "location" : "https://github.com/linhay/SKProcessRunner",
      "state" : {
        "revision" : "f432e9223555a3c945661669e8c81aa07a554dfa",
        "version" : "0.0.11"
      }
    },
    {
      "identity" : "sweetcookiekit",
      "kind" : "remoteSourceControl",
      "location" : "https://github.com/steipete/SweetCookieKit",
      "state" : {
        "revision" : "4d5b71ffbb296937dc5ee8472f64721bca771cf0",
        "version" : "0.4.0"
      }
    },
    {
      "identity" : "swift-toml",
      "kind" : "remoteSourceControl",
      "location" : "https://github.com/mattt/swift-toml",
      "state" : {
        "revision" : "827506c90475e82d5a7f191f950fb3025cbdc0d6",
        "version" : "2.0.0"
      }
    }
  ],
  "version" : 3
}
