{
  "originHash" : "153efd61f3da90d0d85305e321b39ce47cb4a5d64d4726fdc2f893a215f46b18",
  "pins" : [
    {
      "identity" : "networkimage",
      "kind" : "remoteSourceControl",
      "location" : "https://github.com/gonzalezreal/NetworkImage",
      "state" : {
        "revision" : "2849f5323265386e200484b0d0f896e73c3411b9",
        "version" : "6.0.1"
      }
    },
    {
      "identity" : "sparkle",
      "kind" : "remoteSourceControl",
      "location" : "https://github.com/sparkle-project/Sparkle.git",
      "state" : {
        "branch" : "2.x",
        "revision" : "90eff791ec690324b5f227b8d4fa09da8d890e07"
      }
    },
    {
      "identity" : "stfilepath",
      "kind" : "remoteSourceControl",
      "location" : "https://github.com/linhay/STFilePath.git",
      "state" : {
        "revision" : "cb273a95cfbdbf6ddcaa060ae918a52eec42edce",
        "version" : "1.2.6"
      }
    },
    {
      "identity" : "stjson",
      "kind" : "remoteSourceControl",
      "location" : "https://github.com/linhay/STJSON",
      "state" : {
        "revision" : "21560e25f8e2042928253b74a31529295924a0cd",
        "version" : "1.4.2"
      }
    },
    {
      "identity" : "swift-cmark",
      "kind" : "remoteSourceControl",
      "location" : "https://github.com/swiftlang/swift-cmark",
      "state" : {
        "revision" : "5d9bdaa4228b381639fff09403e39a04926e2dbe",
        "version" : "0.7.1"
      }
    },
    {
      "identity" : "swift-git",
      "kind" : "remoteSourceControl",
      "location" : "https://github.com/linhay/swift-git",
      "state" : {
        "revision" : "10ed0a35bc67b137fb2e11e7a80b0478a9f5656d",
        "version" : "2.1.0"
      }
    },
    {
      "identity" : "swift-markdown-ui",
      "kind" : "remoteSourceControl",
      "location" : "https://github.com/gonzalezreal/swift-markdown-ui.git",
      "state" : {
        "revision" : "5f613358148239d0292c0cef674a3c2314737f9e",
        "version" : "2.4.1"
      }
    },
    {
      "identity" : "swift-toml",
      "kind" : "remoteSourceControl",
      "location" : "git@github.com:alexey1312/swift-toml.git",
      "state" : {
        "branch" : "feat/pure-c-bridge-v2",
        "revision" : "6629ace8131fc81a32cf001fa4b05ebde4cc33ce"
      }
    },
    {
      "identity" : "yams",
      "kind" : "remoteSourceControl",
      "location" : "https://github.com/jpsim/Yams",
      "state" : {
        "revision" : "51b5127c7fb6ffac106ad6d199aaa33c5024895f",
        "version" : "6.2.0"
      }
    }
  ],
  "version" : 3
}
