// !$*UTF8*$!
{
	archiveVersion = 1;
	classes = {
	};
	objectVersion = 77;
	objects = {

/* Begin PBXBuildFile section */
		4A5D4B4C15B34B0E8CF31A01 /* RemoteInstallLiveSmokeUITests.swift in Sources */ = {isa = PBXBuildFile; fileRef = 4A5D4B4B15B34B0E8CF31A01 /* RemoteInstallLiveSmokeUITests.swift */; };
		884533C077E316D7F34C88F3 /* ResourceDeletionUITests.swift in Sources */ = {isa = PBXBuildFile; fileRef = EA35295FA3E270778EF4E1B7 /* ResourceDeletionUITests.swift */; };
		8858B1CB1A8D4D90B1A6F001 /* ResourceDeletionUITestSupport.swift in Sources */ = {isa = PBXBuildFile; fileRef = 8858B1CA1A8D4D90B1A6F001 /* ResourceDeletionUITestSupport.swift */; };
		90B6C9DC20DF7E28E3E8F607 /* Cocoa.framework in Frameworks */ = {isa = PBXBuildFile; fileRef = D959A527C9BF92468F647E82 /* Cocoa.framework */; };
		CD36A3782F56E32D004ADF28 /* SnapshotTesting in Frameworks */ = {isa = PBXBuildFile; productRef = CDF7A1D130C5BFC7009A00A1 /* SnapshotTesting */; };
		CD447BF32F1F79890056366B /* MarkdownUI in Frameworks */ = {isa = PBXBuildFile; productRef = CD447BF22F1F79890056366B /* MarkdownUI */; };
		CD447BF62F1F79890056366B /* Sparkle in Frameworks */ = {isa = PBXBuildFile; productRef = CD447BF52F1F79890056366B /* Sparkle */; };
		CD4538D82F3442FC0090D8F7 /* STFilePath in Frameworks */ = {isa = PBXBuildFile; productRef = CD4538D72F3442FC0090D8F7 /* STFilePath */; };
		CD4538DA2F3448850090D8F7 /* STJSON in Frameworks */ = {isa = PBXBuildFile; productRef = CD4538D92F3448850090D8F7 /* STJSON */; };
		CD4538DD2F3448C00090D8F7 /* STJSON in Frameworks */ = {isa = PBXBuildFile; productRef = CD4538DC2F3448C00090D8F7 /* STJSON */; };
		CD68A7082F371C8E008772E7 /* SKProcessRunner in Frameworks */ = {isa = PBXBuildFile; productRef = CD68A7072F371C8E008772E7 /* SKProcessRunner */; };
		CD702B9F2F29FBC700E22535 /* TOML in Frameworks */ = {isa = PBXBuildFile; productRef = CD702B9E2F29FBC700E22535 /* TOML */; };
		CD8D47612F2E606000428E7B /* GRDB in Frameworks */ = {isa = PBXBuildFile; productRef = CD8D47602F2E606000428E7B /* GRDB */; };
		CD9EE2702F2677A0009248CB /* Yams in Frameworks */ = {isa = PBXBuildFile; productRef = CD9EE26F2F2677A0009248CB /* Yams */; };
		CDA1903B2F3DA580000DBF77 /* CodexAppServerKit in Frameworks */ = {isa = PBXBuildFile; productRef = CDA1903A2F3DA580000DBF77 /* CodexAppServerKit */; };
		CDA1903D2F3DA580000DBF77 /* CodexBarProviderCatalog in Frameworks */ = {isa = PBXBuildFile; productRef = CDA1903C2F3DA580000DBF77 /* CodexBarProviderCatalog */; };
		CDA1903F2F3DA580000DBF77 /* CodexCLIKit in Frameworks */ = {isa = PBXBuildFile; productRef = CDA1903E2F3DA580000DBF77 /* CodexCLIKit */; };
		CDA190412F3DA580000DBF77 /* CodexProvider in Frameworks */ = {isa = PBXBuildFile; productRef = CDA190402F3DA580000DBF77 /* CodexProvider */; };
		CDA190432F3DA580000DBF77 /* CopilotProvider in Frameworks */ = {isa = PBXBuildFile; productRef = CDA190422F3DA580000DBF77 /* CopilotProvider */; };
		CDA190452F3DA580000DBF77 /* ProviderCatalog in Frameworks */ = {isa = PBXBuildFile; productRef = CDA190442F3DA580000DBF77 /* ProviderCatalog */; };
		CDA190472F3DA580000DBF77 /* ProviderUsage in Frameworks */ = {isa = PBXBuildFile; productRef = CDA190462F3DA580000DBF77 /* ProviderUsage */; };
		CDA190492F3DA580000DBF77 /* NolonResourceKit in Frameworks */ = {isa = PBXBuildFile; productRef = CDA190482F3DA580000DBF77 /* NolonResourceKit */; };
		CDA1904B2F3DA580000DBF77 /* NolonCoreCLIKit in Frameworks */ = {isa = PBXBuildFile; productRef = CDA1904A2F3DA580000DBF77 /* NolonCoreCLIKit */; };
		CDFA67412F3599FB0053E30A /* STFilePath in Frameworks */ = {isa = PBXBuildFile; productRef = CDFA67402F3599FB0053E30A /* STFilePath */; };
		CDFA67442F359A110053E30A /* STJSON in Frameworks */ = {isa = PBXBuildFile; productRef = CDFA67432F359A110053E30A /* STJSON */; };
		CE11A9A130D0000100A1B2C3 /* Shimmer in Frameworks */ = {isa = PBXBuildFile; productRef = CE11A9A030D0000100A1B2C3 /* Shimmer */; };
		E1A001152F40000100A1B2C3 /* NolonUIFoundation in Frameworks */ = {isa = PBXBuildFile; productRef = E1A001132F40000100A1B2C3 /* NolonUIFoundation */; };
		E1A001162F40000100A1B2C3 /* NolonUI in Frameworks */ = {isa = PBXBuildFile; productRef = E1A001142F40000100A1B2C3 /* NolonUI */; };
/* End PBXBuildFile section */

/* Begin PBXContainerItemProxy section */
		CD9EDF402F24F31E009248CB /* PBXContainerItemProxy */ = {
			isa = PBXContainerItemProxy;
			containerPortal = CD2B1A8A2F1F624900DF4A2B /* Project object */;
			proxyType = 1;
			remoteGlobalIDString = CD2B1A912F1F624900DF4A2B;
			remoteInfo = nolon;
		};
		D9A6C38DC0C670C1E37ABBD9 /* PBXContainerItemProxy */ = {
			isa = PBXContainerItemProxy;
			containerPortal = CD2B1A8A2F1F624900DF4A2B /* Project object */;
			proxyType = 1;
			remoteGlobalIDString = CD2B1A912F1F624900DF4A2B;
			remoteInfo = nolon;
		};
/* End PBXContainerItemProxy section */

/* Begin PBXFileReference section */
		4A5D4B4B15B34B0E8CF31A01 /* RemoteInstallLiveSmokeUITests.swift */ = {isa = PBXFileReference; includeInIndex = 1; lastKnownFileType = sourcecode.swift; path = RemoteInstallLiveSmokeUITests.swift; sourceTree = "<group>"; };
		8858B1CA1A8D4D90B1A6F001 /* ResourceDeletionUITestSupport.swift */ = {isa = PBXFileReference; includeInIndex = 1; lastKnownFileType = sourcecode.swift; path = ResourceDeletionUITestSupport.swift; sourceTree = "<group>"; };
		8A66B8791493C61D673BA71D /* nolonUITests.xctest */ = {isa = PBXFileReference; explicitFileType = wrapper.cfbundle; includeInIndex = 0; path = nolonUITests.xctest; sourceTree = BUILT_PRODUCTS_DIR; };
		CD2B1A922F1F624900DF4A2B /* nolon.app */ = {isa = PBXFileReference; explicitFileType = wrapper.application; includeInIndex = 0; path = nolon.app; sourceTree = BUILT_PRODUCTS_DIR; };
		CD9EDF3C2F24F31E009248CB /* nolonTests.xctest */ = {isa = PBXFileReference; explicitFileType = wrapper.cfbundle; includeInIndex = 0; path = nolonTests.xctest; sourceTree = BUILT_PRODUCTS_DIR; };
		D959A527C9BF92468F647E82 /* Cocoa.framework */ = {isa = PBXFileReference; lastKnownFileType = wrapper.framework; name = Cocoa.framework; path = Platforms/MacOSX.platform/Developer/SDKs/MacOSX15.0.sdk/System/Library/Frameworks/Cocoa.framework; sourceTree = DEVELOPER_DIR; };
		EA35295FA3E270778EF4E1B7 /* ResourceDeletionUITests.swift */ = {isa = PBXFileReference; includeInIndex = 1; lastKnownFileType = sourcecode.swift; path = ResourceDeletionUITests.swift; sourceTree = "<group>"; };
/* End PBXFileReference section */

/* Begin PBXFileSystemSynchronizedBuildFileExceptionSet section */
		CDFA66352F35978D0053E30A /* Exceptions for "nolon" folder in "nolon" target */ = {
			isa = PBXFileSystemSynchronizedBuildFileExceptionSet;
			membershipExceptions = (
				Configuration/Debug.xcconfig,
				Configuration/Release.xcconfig,
				Configuration/Shared.xcconfig,
				Info.plist,
			);
			target = CD2B1A912F1F624900DF4A2B /* nolon */;
		};
/* End PBXFileSystemSynchronizedBuildFileExceptionSet section */

/* Begin PBXFileSystemSynchronizedRootGroup section */
		CD2B1A942F1F624900DF4A2B /* nolon */ = {
			isa = PBXFileSystemSynchronizedRootGroup;
			exceptions = (
				CDFA66352F35978D0053E30A /* Exceptions for "nolon" folder in "nolon" target */,
			);
			path = nolon;
			sourceTree = "<group>";
		};
		CD9EDF3D2F24F31E009248CB /* nolonTests */ = {
			isa = PBXFileSystemSynchronizedRootGroup;
			path = nolonTests;
			sourceTree = "<group>";
		};
/* End PBXFileSystemSynchronizedRootGroup section */

/* Begin PBXFrameworksBuildPhase section */
		314A20B86B9A7FF9570CFC22 /* Frameworks */ = {
			isa = PBXFrameworksBuildPhase;
			buildActionMask = 2147483647;
			files = (
				90B6C9DC20DF7E28E3E8F607 /* Cocoa.framework in Frameworks */,
			);
			runOnlyForDeploymentPostprocessing = 0;
		};
		CD2B1A8F2F1F624900DF4A2B /* Frameworks */ = {
			isa = PBXFrameworksBuildPhase;
			buildActionMask = 2147483647;
			files = (
				CDA190432F3DA580000DBF77 /* CopilotProvider in Frameworks */,
				CDFA67442F359A110053E30A /* STJSON in Frameworks */,
				CD4538DD2F3448C00090D8F7 /* STJSON in Frameworks */,
				CD4538D82F3442FC0090D8F7 /* STFilePath in Frameworks */,
				CDFA67412F3599FB0053E30A /* STFilePath in Frameworks */,
				CD68A7082F371C8E008772E7 /* SKProcessRunner in Frameworks */,
				CDA1903D2F3DA580000DBF77 /* CodexBarProviderCatalog in Frameworks */,
				CD4538DA2F3448850090D8F7 /* STJSON in Frameworks */,
				CD8D47612F2E606000428E7B /* GRDB in Frameworks */,
				CDA1903F2F3DA580000DBF77 /* CodexCLIKit in Frameworks */,
				CD447BF32F1F79890056366B /* MarkdownUI in Frameworks */,
				CDA1903B2F3DA580000DBF77 /* CodexAppServerKit in Frameworks */,
				CD702B9F2F29FBC700E22535 /* TOML in Frameworks */,
				CD9EE2702F2677A0009248CB /* Yams in Frameworks */,
				CD447BF62F1F79890056366B /* Sparkle in Frameworks */,
				CE11A9A130D0000100A1B2C3 /* Shimmer in Frameworks */,
				CDA190412F3DA580000DBF77 /* CodexProvider in Frameworks */,
				CDA190452F3DA580000DBF77 /* ProviderCatalog in Frameworks */,
				CDA190472F3DA580000DBF77 /* ProviderUsage in Frameworks */,
				CDA190492F3DA580000DBF77 /* NolonResourceKit in Frameworks */,
				CDA1904B2F3DA580000DBF77 /* NolonCoreCLIKit in Frameworks */,
				E1A001152F40000100A1B2C3 /* NolonUIFoundation in Frameworks */,
				E1A001162F40000100A1B2C3 /* NolonUI in Frameworks */,
			);
			runOnlyForDeploymentPostprocessing = 0;
		};
		CD9EDF392F24F31E009248CB /* Frameworks */ = {
			isa = PBXFrameworksBuildPhase;
			buildActionMask = 2147483647;
			files = (
				CD36A3782F56E32D004ADF28 /* SnapshotTesting in Frameworks */,
			);
			runOnlyForDeploymentPostprocessing = 0;
		};
/* End PBXFrameworksBuildPhase section */

/* Begin PBXGroup section */
		B455D52DBBDBCE75AA78766A /* nolonUITests */ = {
			isa = PBXGroup;
			children = (
				4A5D4B4B15B34B0E8CF31A01 /* RemoteInstallLiveSmokeUITests.swift */,
				EA35295FA3E270778EF4E1B7 /* ResourceDeletionUITests.swift */,
				8858B1CA1A8D4D90B1A6F001 /* ResourceDeletionUITestSupport.swift */,
			);
			path = nolonUITests;
			sourceTree = "<group>";
		};
		CD2B1A892F1F624900DF4A2B = {
			isa = PBXGroup;
			children = (
				CD2B1A942F1F624900DF4A2B /* nolon */,
				CD9EDF3D2F24F31E009248CB /* nolonTests */,
				CD68A73F2F37AA4E008772E7 /* Frameworks */,
				CD2B1A932F1F624900DF4A2B /* Products */,
				B455D52DBBDBCE75AA78766A /* nolonUITests */,
			);
			sourceTree = "<group>";
		};
		CD2B1A932F1F624900DF4A2B /* Products */ = {
			isa = PBXGroup;
			children = (
				CD2B1A922F1F624900DF4A2B /* nolon.app */,
				CD9EDF3C2F24F31E009248CB /* nolonTests.xctest */,
				8A66B8791493C61D673BA71D /* nolonUITests.xctest */,
			);
			name = Products;
			sourceTree = "<group>";
		};
		CD68A73F2F37AA4E008772E7 /* Frameworks */ = {
			isa = PBXGroup;
			children = (
				D8B053EE5D44ED23124C5BAA /* OS X */,
			);
			name = Frameworks;
			sourceTree = "<group>";
		};
		D8B053EE5D44ED23124C5BAA /* OS X */ = {
			isa = PBXGroup;
			children = (
				D959A527C9BF92468F647E82 /* Cocoa.framework */,
			);
			name = "OS X";
			sourceTree = "<group>";
		};
/* End PBXGroup section */

/* Begin PBXNativeTarget section */
		B55FA475C32AF3215AD08091 /* nolonUITests */ = {
			isa = PBXNativeTarget;
			buildConfigurationList = 121F48E2EBD3FD595DA02A53 /* Build configuration list for PBXNativeTarget "nolonUITests" */;
			buildPhases = (
				98CDBC01EFE79D56A6ED92C3 /* Sources */,
				314A20B86B9A7FF9570CFC22 /* Frameworks */,
				2D74CCF4443CBD910A2E530B /* Resources */,
			);
			buildRules = (
			);
			dependencies = (
				EC901525A3BD33F36231F3E4 /* PBXTargetDependency */,
			);
			name = nolonUITests;
			productName = nolonUITests;
			productReference = 8A66B8791493C61D673BA71D /* nolonUITests.xctest */;
			productType = "com.apple.product-type.bundle.ui-testing";
		};
		CD2B1A912F1F624900DF4A2B /* nolon */ = {
			isa = PBXNativeTarget;
			buildConfigurationList = CD2B1A9D2F1F624A00DF4A2B /* Build configuration list for PBXNativeTarget "nolon" */;
			buildPhases = (
				CD2B1A8E2F1F624900DF4A2B /* Sources */,
				CD2B1A8F2F1F624900DF4A2B /* Frameworks */,
				CD2B1A902F1F624900DF4A2B /* Resources */,
			);
			buildRules = (
			);
			dependencies = (
			);
			fileSystemSynchronizedGroups = (
				CD2B1A942F1F624900DF4A2B /* nolon */,
			);
			name = nolon;
			packageProductDependencies = (
				CD447BF22F1F79890056366B /* MarkdownUI */,
				CD447BF52F1F79890056366B /* Sparkle */,
				CE11A9A030D0000100A1B2C3 /* Shimmer */,
				CD9EE26F2F2677A0009248CB /* Yams */,
				CD702B9E2F29FBC700E22535 /* TOML */,
				CD8D47602F2E606000428E7B /* GRDB */,
				CD4538D72F3442FC0090D8F7 /* STFilePath */,
				CD4538D92F3448850090D8F7 /* STJSON */,
				CD4538DC2F3448C00090D8F7 /* STJSON */,
				CDFA67402F3599FB0053E30A /* STFilePath */,
				CDFA67432F359A110053E30A /* STJSON */,
				CD68A7072F371C8E008772E7 /* SKProcessRunner */,
				CDA1903A2F3DA580000DBF77 /* CodexAppServerKit */,
				CDA1903C2F3DA580000DBF77 /* CodexBarProviderCatalog */,
				CDA1903E2F3DA580000DBF77 /* CodexCLIKit */,
				CDA190402F3DA580000DBF77 /* CodexProvider */,
				CDA190422F3DA580000DBF77 /* CopilotProvider */,
				CDA190442F3DA580000DBF77 /* ProviderCatalog */,
				CDA190462F3DA580000DBF77 /* ProviderUsage */,
				CDA190482F3DA580000DBF77 /* NolonResourceKit */,
				CDA1904A2F3DA580000DBF77 /* NolonCoreCLIKit */,
				E1A001132F40000100A1B2C3 /* NolonUIFoundation */,
				E1A001142F40000100A1B2C3 /* NolonUI */,
			);
			productName = nolon;
			productReference = CD2B1A922F1F624900DF4A2B /* nolon.app */;
			productType = "com.apple.product-type.application";
		};
		CD9EDF3B2F24F31E009248CB /* nolonTests */ = {
			isa = PBXNativeTarget;
			buildConfigurationList = CD9EDF422F24F31F009248CB /* Build configuration list for PBXNativeTarget "nolonTests" */;
			buildPhases = (
				CD9EDF382F24F31E009248CB /* Sources */,
				CD9EDF392F24F31E009248CB /* Frameworks */,
				CD9EDF3A2F24F31E009248CB /* Resources */,
			);
			buildRules = (
			);
			dependencies = (
				CD9EDF412F24F31E009248CB /* PBXTargetDependency */,
			);
			fileSystemSynchronizedGroups = (
				CD9EDF3D2F24F31E009248CB /* nolonTests */,
			);
			name = nolonTests;
			packageProductDependencies = (
				CDF7A1D130C5BFC7009A00A1 /* SnapshotTesting */,
			);
			productName = nolonTests;
			productReference = CD9EDF3C2F24F31E009248CB /* nolonTests.xctest */;
			productType = "com.apple.product-type.bundle.unit-test";
		};
/* End PBXNativeTarget section */

/* Begin PBXProject section */
		CD2B1A8A2F1F624900DF4A2B /* Project object */ = {
			isa = PBXProject;
			attributes = {
				BuildIndependentTargetsInParallel = 1;
				LastSwiftUpdateCheck = 2620;
				LastUpgradeCheck = 2630;
				TargetAttributes = {
					B55FA475C32AF3215AD08091 = {
						CreatedOnToolsVersion = 26.2;
						TestTargetID = CD2B1A912F1F624900DF4A2B;
					};
					CD2B1A912F1F624900DF4A2B = {
						CreatedOnToolsVersion = 26.2;
					};
					CD9EDF3B2F24F31E009248CB = {
						CreatedOnToolsVersion = 26.2;
						TestTargetID = CD2B1A912F1F624900DF4A2B;
					};
				};
			};
			buildConfigurationList = CD2B1A8D2F1F624900DF4A2B /* Build configuration list for PBXProject "nolon" */;
			developmentRegion = en;
			hasScannedForEncodings = 0;
			knownRegions = (
				en,
				Base,
				"zh-Hans",
			);
			mainGroup = CD2B1A892F1F624900DF4A2B;
			minimizedProjectReferenceProxies = 1;
			packageReferences = (
				CD447BF12F1F79890056366B /* XCRemoteSwiftPackageReference "swift-markdown-ui" */,
				CD447BF42F1F79890056366B /* XCRemoteSwiftPackageReference "Sparkle" */,
				CDF7A1D030C5BFC7009A00A1 /* XCRemoteSwiftPackageReference "swift-snapshot-testing" */,
				CD9EE26E2F2677A0009248CB /* XCRemoteSwiftPackageReference "Yams" */,
				CD702B9D2F29FBC700E22535 /* XCRemoteSwiftPackageReference "swift-toml" */,
				CD8D475F2F2E606000428E7B /* XCRemoteSwiftPackageReference "GRDB.swift" */,
				CDFA673F2F3599FB0053E30A /* XCRemoteSwiftPackageReference "STFilePath" */,
				CDFA67422F359A110053E30A /* XCRemoteSwiftPackageReference "STJSON" */,
				CE11A9A230D0000100A1B2C3 /* XCRemoteSwiftPackageReference "SwiftUI-Shimmer" */,
				CD68A7062F371C8E008772E7 /* XCRemoteSwiftPackageReference "SKProcessRunner" */,
				CDA190392F3DA580000DBF77 /* XCLocalSwiftPackageReference "libs/Providers" */,
				E1A001112F40000100A1B2C3 /* XCLocalSwiftPackageReference "libs/NolonUIFoundation" */,
				E1A001122F40000100A1B2C3 /* XCLocalSwiftPackageReference "libs/NolonUI" */,
			);
			preferredProjectObjectVersion = 77;
			productRefGroup = CD2B1A932F1F624900DF4A2B /* Products */;
			projectDirPath = "";
			projectRoot = "";
			targets = (
				CD2B1A912F1F624900DF4A2B /* nolon */,
				CD9EDF3B2F24F31E009248CB /* nolonTests */,
				B55FA475C32AF3215AD08091 /* nolonUITests */,
			);
		};
/* End PBXProject section */

/* Begin PBXResourcesBuildPhase section */
		2D74CCF4443CBD910A2E530B /* Resources */ = {
			isa = PBXResourcesBuildPhase;
			buildActionMask = 2147483647;
			files = (
			);
			runOnlyForDeploymentPostprocessing = 0;
		};
		CD2B1A902F1F624900DF4A2B /* Resources */ = {
			isa = PBXResourcesBuildPhase;
			buildActionMask = 2147483647;
			files = (
			);
			runOnlyForDeploymentPostprocessing = 0;
		};
		CD9EDF3A2F24F31E009248CB /* Resources */ = {
			isa = PBXResourcesBuildPhase;
			buildActionMask = 2147483647;
			files = (
			);
			runOnlyForDeploymentPostprocessing = 0;
		};
/* End PBXResourcesBuildPhase section */

/* Begin PBXSourcesBuildPhase section */
		98CDBC01EFE79D56A6ED92C3 /* Sources */ = {
			isa = PBXSourcesBuildPhase;
			buildActionMask = 2147483647;
			files = (
				4A5D4B4C15B34B0E8CF31A01 /* RemoteInstallLiveSmokeUITests.swift in Sources */,
				884533C077E316D7F34C88F3 /* ResourceDeletionUITests.swift in Sources */,
				8858B1CB1A8D4D90B1A6F001 /* ResourceDeletionUITestSupport.swift in Sources */,
			);
			runOnlyForDeploymentPostprocessing = 0;
		};
		CD2B1A8E2F1F624900DF4A2B /* Sources */ = {
			isa = PBXSourcesBuildPhase;
			buildActionMask = 2147483647;
			files = (
			);
			runOnlyForDeploymentPostprocessing = 0;
		};
		CD9EDF382F24F31E009248CB /* Sources */ = {
			isa = PBXSourcesBuildPhase;
			buildActionMask = 2147483647;
			files = (
			);
			runOnlyForDeploymentPostprocessing = 0;
		};
/* End PBXSourcesBuildPhase section */

/* Begin PBXTargetDependency section */
		CD9EDF412F24F31E009248CB /* PBXTargetDependency */ = {
			isa = PBXTargetDependency;
			target = CD2B1A912F1F624900DF4A2B /* nolon */;
			targetProxy = CD9EDF402F24F31E009248CB /* PBXContainerItemProxy */;
		};
		EC901525A3BD33F36231F3E4 /* PBXTargetDependency */ = {
			isa = PBXTargetDependency;
			name = nolon;
			target = CD2B1A912F1F624900DF4A2B /* nolon */;
			targetProxy = D9A6C38DC0C670C1E37ABBD9 /* PBXContainerItemProxy */;
		};
/* End PBXTargetDependency section */

/* Begin XCBuildConfiguration section */
		8B44F813BCD66F96EE96815C /* Debug */ = {
			isa = XCBuildConfiguration;
			buildSettings = {
				CODE_SIGN_STYLE = Automatic;
				CURRENT_PROJECT_VERSION = 202604240215;
				DEVELOPMENT_TEAM = 3L8RM3MDLS;
				GENERATE_INFOPLIST_FILE = YES;
				MACOSX_DEPLOYMENT_TARGET = 14.0;
				MARKETING_VERSION = 2.1.19;
				PRODUCT_BUNDLE_IDENTIFIER = nolon.overloaded.com.nolonUITests;
				PRODUCT_NAME = "$(TARGET_NAME)";
				SDKROOT = macosx;
				STRING_CATALOG_GENERATE_SYMBOLS = NO;
				SWIFT_APPROACHABLE_CONCURRENCY = YES;
				SWIFT_EMIT_LOC_STRINGS = NO;
				SWIFT_UPCOMING_FEATURE_MEMBER_IMPORT_VISIBILITY = YES;
				SWIFT_VERSION = 5.0;
			};
			name = Debug;
		};
		CD2B1A9B2F1F624A00DF4A2B /* Debug */ = {
			isa = XCBuildConfiguration;
			baseConfigurationReferenceAnchor = CD2B1A942F1F624900DF4A2B /* nolon */;
			baseConfigurationReferenceRelativePath = Configuration/Debug.xcconfig;
			buildSettings = {
				ALWAYS_SEARCH_USER_PATHS = NO;
				ASSETCATALOG_COMPILER_GENERATE_SWIFT_ASSET_SYMBOL_EXTENSIONS = YES;
				CLANG_ANALYZER_LOCALIZABILITY_NONLOCALIZED = YES;
				CLANG_ANALYZER_NONNULL = YES;
				CLANG_ANALYZER_NUMBER_OBJECT_CONVERSION = YES_AGGRESSIVE;
				CLANG_CXX_LANGUAGE_STANDARD = "gnu++20";
				CLANG_ENABLE_MODULES = YES;
				CLANG_ENABLE_OBJC_ARC = YES;
				CLANG_ENABLE_OBJC_WEAK = YES;
				CLANG_WARN_BLOCK_CAPTURE_AUTORELEASING = YES;
				CLANG_WARN_BOOL_CONVERSION = YES;
				CLANG_WARN_COMMA = YES;
				CLANG_WARN_CONSTANT_CONVERSION = YES;
				CLANG_WARN_DEPRECATED_OBJC_IMPLEMENTATIONS = YES;
				CLANG_WARN_DIRECT_OBJC_ISA_USAGE = YES_ERROR;
				CLANG_WARN_DOCUMENTATION_COMMENTS = YES;
				CLANG_WARN_EMPTY_BODY = YES;
				CLANG_WARN_ENUM_CONVERSION = YES;
				CLANG_WARN_INFINITE_RECURSION = YES;
				CLANG_WARN_INT_CONVERSION = YES;
				CLANG_WARN_NON_LITERAL_NULL_CONVERSION = YES;
				CLANG_WARN_OBJC_IMPLICIT_RETAIN_SELF = YES;
				CLANG_WARN_OBJC_LITERAL_CONVERSION = YES;
				CLANG_WARN_OBJC_ROOT_CLASS = YES_ERROR;
				CLANG_WARN_QUOTED_INCLUDE_IN_FRAMEWORK_HEADER = YES;
				CLANG_WARN_RANGE_LOOP_ANALYSIS = YES;
				CLANG_WARN_STRICT_PROTOTYPES = YES;
				CLANG_WARN_SUSPICIOUS_MOVE = YES;
				CLANG_WARN_UNGUARDED_AVAILABILITY = YES_AGGRESSIVE;
				CLANG_WARN_UNREACHABLE_CODE = YES;
				CLANG_WARN__DUPLICATE_METHOD_MATCH = YES;
				COPY_PHASE_STRIP = NO;
				DEAD_CODE_STRIPPING = YES;
				DEBUG_INFORMATION_FORMAT = dwarf;
				DEVELOPMENT_TEAM = 3L8RM3MDLS;
				ENABLE_STRICT_OBJC_MSGSEND = YES;
				ENABLE_TESTABILITY = YES;
				ENABLE_USER_SCRIPT_SANDBOXING = YES;
				GCC_C_LANGUAGE_STANDARD = gnu17;
				GCC_DYNAMIC_NO_PIC = NO;
				GCC_NO_COMMON_BLOCKS = YES;
				GCC_OPTIMIZATION_LEVEL = 0;
				GCC_PREPROCESSOR_DEFINITIONS = (
					"DEBUG=1",
					"$(inherited)",
				);
				GCC_WARN_64_TO_32_BIT_CONVERSION = YES;
				GCC_WARN_ABOUT_RETURN_TYPE = YES_ERROR;
				GCC_WARN_UNDECLARED_SELECTOR = YES;
				GCC_WARN_UNINITIALIZED_AUTOS = YES_AGGRESSIVE;
				GCC_WARN_UNUSED_FUNCTION = YES;
				GCC_WARN_UNUSED_VARIABLE = YES;
				LOCALIZATION_PREFERS_STRING_CATALOGS = YES;
				MACOSX_DEPLOYMENT_TARGET = 26.2;
				MTL_ENABLE_DEBUG_INFO = INCLUDE_SOURCE;
				MTL_FAST_MATH = YES;
				ONLY_ACTIVE_ARCH = YES;
				SDKROOT = macosx;
				STRING_CATALOG_GENERATE_SYMBOLS = YES;
				SWIFT_ACTIVE_COMPILATION_CONDITIONS = "DEBUG $(inherited)";
				SWIFT_EMIT_LOC_STRINGS = YES;
				SWIFT_OPTIMIZATION_LEVEL = "-Onone";
			};
			name = Debug;
		};
		CD2B1A9C2F1F624A00DF4A2B /* Release */ = {
			isa = XCBuildConfiguration;
			baseConfigurationReferenceAnchor = CD2B1A942F1F624900DF4A2B /* nolon */;
			baseConfigurationReferenceRelativePath = Configuration/Release.xcconfig;
			buildSettings = {
				ALWAYS_SEARCH_USER_PATHS = NO;
				ASSETCATALOG_COMPILER_GENERATE_SWIFT_ASSET_SYMBOL_EXTENSIONS = YES;
				CLANG_ANALYZER_LOCALIZABILITY_NONLOCALIZED = YES;
				CLANG_ANALYZER_NONNULL = YES;
				CLANG_ANALYZER_NUMBER_OBJECT_CONVERSION = YES_AGGRESSIVE;
				CLANG_CXX_LANGUAGE_STANDARD = "gnu++20";
				CLANG_ENABLE_MODULES = YES;
				CLANG_ENABLE_OBJC_ARC = YES;
				CLANG_ENABLE_OBJC_WEAK = YES;
				CLANG_WARN_BLOCK_CAPTURE_AUTORELEASING = YES;
				CLANG_WARN_BOOL_CONVERSION = YES;
				CLANG_WARN_COMMA = YES;
				CLANG_WARN_CONSTANT_CONVERSION = YES;
				CLANG_WARN_DEPRECATED_OBJC_IMPLEMENTATIONS = YES;
				CLANG_WARN_DIRECT_OBJC_ISA_USAGE = YES_ERROR;
				CLANG_WARN_DOCUMENTATION_COMMENTS = YES;
				CLANG_WARN_EMPTY_BODY = YES;
				CLANG_WARN_ENUM_CONVERSION = YES;
				CLANG_WARN_INFINITE_RECURSION = YES;
				CLANG_WARN_INT_CONVERSION = YES;
				CLANG_WARN_NON_LITERAL_NULL_CONVERSION = YES;
				CLANG_WARN_OBJC_IMPLICIT_RETAIN_SELF = YES;
				CLANG_WARN_OBJC_LITERAL_CONVERSION = YES;
				CLANG_WARN_OBJC_ROOT_CLASS = YES_ERROR;
				CLANG_WARN_QUOTED_INCLUDE_IN_FRAMEWORK_HEADER = YES;
				CLANG_WARN_RANGE_LOOP_ANALYSIS = YES;
				CLANG_WARN_STRICT_PROTOTYPES = YES;
				CLANG_WARN_SUSPICIOUS_MOVE = YES;
				CLANG_WARN_UNGUARDED_AVAILABILITY = YES_AGGRESSIVE;
				CLANG_WARN_UNREACHABLE_CODE = YES;
				CLANG_WARN__DUPLICATE_METHOD_MATCH = YES;
				COPY_PHASE_STRIP = NO;
				DEAD_CODE_STRIPPING = YES;
				DEBUG_INFORMATION_FORMAT = "dwarf-with-dsym";
				DEVELOPMENT_TEAM = 3L8RM3MDLS;
				ENABLE_NS_ASSERTIONS = NO;
				ENABLE_STRICT_OBJC_MSGSEND = YES;
				ENABLE_USER_SCRIPT_SANDBOXING = YES;
				GCC_C_LANGUAGE_STANDARD = gnu17;
				GCC_NO_COMMON_BLOCKS = YES;
				GCC_WARN_64_TO_32_BIT_CONVERSION = YES;
				GCC_WARN_ABOUT_RETURN_TYPE = YES_ERROR;
				GCC_WARN_UNDECLARED_SELECTOR = YES;
				GCC_WARN_UNINITIALIZED_AUTOS = YES_AGGRESSIVE;
				GCC_WARN_UNUSED_FUNCTION = YES;
				GCC_WARN_UNUSED_VARIABLE = YES;
				LOCALIZATION_PREFERS_STRING_CATALOGS = YES;
				MACOSX_DEPLOYMENT_TARGET = 26.2;
				MTL_ENABLE_DEBUG_INFO = NO;
				MTL_FAST_MATH = YES;
				SDKROOT = macosx;
				STRING_CATALOG_GENERATE_SYMBOLS = YES;
				SWIFT_COMPILATION_MODE = wholemodule;
				SWIFT_EMIT_LOC_STRINGS = YES;
			};
			name = Release;
		};
		CD2B1A9E2F1F624A00DF4A2B /* Debug */ = {
			isa = XCBuildConfiguration;
			buildSettings = {
				ASSETCATALOG_COMPILER_APPICON_NAME = AppIcon;
				ASSETCATALOG_COMPILER_GLOBAL_ACCENT_COLOR_NAME = AccentColor;
				CODE_SIGN_STYLE = Automatic;
				COMBINE_HIDPI_IMAGES = YES;
				CURRENT_PROJECT_VERSION = 202604240215;
				DEAD_CODE_STRIPPING = YES;
				DEVELOPMENT_TEAM = 3L8RM3MDLS;
				ENABLE_APP_SANDBOX = NO;
				ENABLE_HARDENED_RUNTIME = YES;
				ENABLE_PREVIEWS = YES;
				GENERATE_INFOPLIST_FILE = NO;
				INFOPLIST_FILE = nolon/Info.plist;
				INFOPLIST_KEY_CFBundleDisplayName = nolon;
				INFOPLIST_KEY_NSHumanReadableCopyright = "";
				LD_RUNPATH_SEARCH_PATHS = (
					"$(inherited)",
					"@executable_path/../Frameworks",
				);
				MACOSX_DEPLOYMENT_TARGET = 14.0;
				MARKETING_VERSION = 2.1.19;
				PRODUCT_BUNDLE_IDENTIFIER = nolon.overloaded.com;
				PRODUCT_NAME = "$(TARGET_NAME)";
				REGISTER_APP_GROUPS = YES;
				STRING_CATALOG_GENERATE_SYMBOLS = YES;
				SWIFT_APPROACHABLE_CONCURRENCY = YES;
				SWIFT_DEFAULT_ACTOR_ISOLATION = MainActor;
				SWIFT_EMIT_LOC_STRINGS = YES;
				SWIFT_UPCOMING_FEATURE_MEMBER_IMPORT_VISIBILITY = YES;
				SWIFT_VERSION = 5.0;
			};
			name = Debug;
		};
		CD2B1A9F2F1F624A00DF4A2B /* Release */ = {
			isa = XCBuildConfiguration;
			buildSettings = {
				ASSETCATALOG_COMPILER_APPICON_NAME = AppIcon;
				ASSETCATALOG_COMPILER_GLOBAL_ACCENT_COLOR_NAME = AccentColor;
				CODE_SIGN_STYLE = Automatic;
				COMBINE_HIDPI_IMAGES = YES;
				CURRENT_PROJECT_VERSION = 202604240215;
				DEAD_CODE_STRIPPING = YES;
				DEVELOPMENT_TEAM = 3L8RM3MDLS;
				ENABLE_APP_SANDBOX = NO;
				ENABLE_HARDENED_RUNTIME = YES;
				ENABLE_PREVIEWS = YES;
				GENERATE_INFOPLIST_FILE = NO;
				INFOPLIST_FILE = nolon/Info.plist;
				INFOPLIST_KEY_CFBundleDisplayName = nolon;
				INFOPLIST_KEY_NSHumanReadableCopyright = "";
				LD_RUNPATH_SEARCH_PATHS = (
					"$(inherited)",
					"@executable_path/../Frameworks",
				);
				MACOSX_DEPLOYMENT_TARGET = 14.0;
				MARKETING_VERSION = 2.1.19;
				PRODUCT_BUNDLE_IDENTIFIER = nolon.overloaded.com;
				PRODUCT_NAME = "$(TARGET_NAME)";
				REGISTER_APP_GROUPS = YES;
				STRING_CATALOG_GENERATE_SYMBOLS = YES;
				SWIFT_APPROACHABLE_CONCURRENCY = YES;
				SWIFT_DEFAULT_ACTOR_ISOLATION = MainActor;
				SWIFT_EMIT_LOC_STRINGS = YES;
				SWIFT_UPCOMING_FEATURE_MEMBER_IMPORT_VISIBILITY = YES;
				SWIFT_VERSION = 5.0;
			};
			name = Release;
		};
		CD9EDF432F24F31F009248CB /* Debug */ = {
			isa = XCBuildConfiguration;
			buildSettings = {
				BUNDLE_LOADER = "$(TEST_HOST)";
				CODE_SIGN_STYLE = Automatic;
				CURRENT_PROJECT_VERSION = 202604240215;
				DEVELOPMENT_TEAM = 3L8RM3MDLS;
				GENERATE_INFOPLIST_FILE = YES;
				MARKETING_VERSION = 2.1.19;
				PRODUCT_BUNDLE_IDENTIFIER = nolon.overloaded.com.nolonTests;
				PRODUCT_NAME = "$(TARGET_NAME)";
				STRING_CATALOG_GENERATE_SYMBOLS = NO;
				SWIFT_APPROACHABLE_CONCURRENCY = YES;
				SWIFT_EMIT_LOC_STRINGS = NO;
				SWIFT_UPCOMING_FEATURE_MEMBER_IMPORT_VISIBILITY = YES;
				SWIFT_VERSION = 5.0;
				TEST_HOST = "$(BUILT_PRODUCTS_DIR)/nolon.app/$(BUNDLE_EXECUTABLE_FOLDER_PATH)/nolon";
			};
			name = Debug;
		};
		CD9EDF442F24F31F009248CB /* Release */ = {
			isa = XCBuildConfiguration;
			buildSettings = {
				BUNDLE_LOADER = "$(TEST_HOST)";
				CODE_SIGN_STYLE = Automatic;
				CURRENT_PROJECT_VERSION = 202604240215;
				DEVELOPMENT_TEAM = 3L8RM3MDLS;
				GENERATE_INFOPLIST_FILE = YES;
				MARKETING_VERSION = 2.1.19;
				PRODUCT_BUNDLE_IDENTIFIER = nolon.overloaded.com.nolonTests;
				PRODUCT_NAME = "$(TARGET_NAME)";
				STRING_CATALOG_GENERATE_SYMBOLS = NO;
				SWIFT_APPROACHABLE_CONCURRENCY = YES;
				SWIFT_EMIT_LOC_STRINGS = NO;
				SWIFT_UPCOMING_FEATURE_MEMBER_IMPORT_VISIBILITY = YES;
				SWIFT_VERSION = 5.0;
				TEST_HOST = "$(BUILT_PRODUCTS_DIR)/nolon.app/$(BUNDLE_EXECUTABLE_FOLDER_PATH)/nolon";
			};
			name = Release;
		};
		F1E41E3ACA9ADCD68D8B46F0 /* Release */ = {
			isa = XCBuildConfiguration;
			buildSettings = {
				CODE_SIGN_STYLE = Automatic;
				CURRENT_PROJECT_VERSION = 202604240215;
				DEVELOPMENT_TEAM = 3L8RM3MDLS;
				GENERATE_INFOPLIST_FILE = YES;
				MACOSX_DEPLOYMENT_TARGET = 14.0;
				MARKETING_VERSION = 2.1.19;
				PRODUCT_BUNDLE_IDENTIFIER = nolon.overloaded.com.nolonUITests;
				PRODUCT_NAME = "$(TARGET_NAME)";
				SDKROOT = macosx;
				STRING_CATALOG_GENERATE_SYMBOLS = NO;
				SWIFT_APPROACHABLE_CONCURRENCY = YES;
				SWIFT_EMIT_LOC_STRINGS = NO;
				SWIFT_UPCOMING_FEATURE_MEMBER_IMPORT_VISIBILITY = YES;
				SWIFT_VERSION = 5.0;
			};
			name = Release;
		};
/* End XCBuildConfiguration section */

/* Begin XCConfigurationList section */
		121F48E2EBD3FD595DA02A53 /* Build configuration list for PBXNativeTarget "nolonUITests" */ = {
			isa = XCConfigurationList;
			buildConfigurations = (
				F1E41E3ACA9ADCD68D8B46F0 /* Release */,
				8B44F813BCD66F96EE96815C /* Debug */,
			);
			defaultConfigurationIsVisible = 0;
			defaultConfigurationName = Release;
		};
		CD2B1A8D2F1F624900DF4A2B /* Build configuration list for PBXProject "nolon" */ = {
			isa = XCConfigurationList;
			buildConfigurations = (
				CD2B1A9B2F1F624A00DF4A2B /* Debug */,
				CD2B1A9C2F1F624A00DF4A2B /* Release */,
			);
			defaultConfigurationIsVisible = 0;
			defaultConfigurationName = Release;
		};
		CD2B1A9D2F1F624A00DF4A2B /* Build configuration list for PBXNativeTarget "nolon" */ = {
			isa = XCConfigurationList;
			buildConfigurations = (
				CD2B1A9E2F1F624A00DF4A2B /* Debug */,
				CD2B1A9F2F1F624A00DF4A2B /* Release */,
			);
			defaultConfigurationIsVisible = 0;
			defaultConfigurationName = Release;
		};
		CD9EDF422F24F31F009248CB /* Build configuration list for PBXNativeTarget "nolonTests" */ = {
			isa = XCConfigurationList;
			buildConfigurations = (
				CD9EDF432F24F31F009248CB /* Debug */,
				CD9EDF442F24F31F009248CB /* Release */,
			);
			defaultConfigurationIsVisible = 0;
			defaultConfigurationName = Release;
		};
/* End XCConfigurationList section */

/* Begin XCLocalSwiftPackageReference section */
		CDA190392F3DA580000DBF77 /* XCLocalSwiftPackageReference "libs/Providers" */ = {
			isa = XCLocalSwiftPackageReference;
			relativePath = libs/Providers;
		};
		E1A001112F40000100A1B2C3 /* XCLocalSwiftPackageReference "libs/NolonUIFoundation" */ = {
			isa = XCLocalSwiftPackageReference;
			relativePath = libs/NolonUIFoundation;
		};
		E1A001122F40000100A1B2C3 /* XCLocalSwiftPackageReference "libs/NolonUI" */ = {
			isa = XCLocalSwiftPackageReference;
			relativePath = libs/NolonUI;
		};
/* End XCLocalSwiftPackageReference section */

/* Begin XCRemoteSwiftPackageReference section */
		CD447BF12F1F79890056366B /* XCRemoteSwiftPackageReference "swift-markdown-ui" */ = {
			isa = XCRemoteSwiftPackageReference;
			repositoryURL = "https://github.com/gonzalezreal/swift-markdown-ui.git";
			requirement = {
				kind = upToNextMajorVersion;
				minimumVersion = 2.4.1;
			};
		};
		CD447BF42F1F79890056366B /* XCRemoteSwiftPackageReference "Sparkle" */ = {
			isa = XCRemoteSwiftPackageReference;
			repositoryURL = "https://github.com/sparkle-project/Sparkle.git";
			requirement = {
				branch = 2.x;
				kind = branch;
			};
		};
		CD68A7062F371C8E008772E7 /* XCRemoteSwiftPackageReference "SKProcessRunner" */ = {
			isa = XCRemoteSwiftPackageReference;
			repositoryURL = "https://github.com/linhay/SKProcessRunner";
			requirement = {
				kind = upToNextMajorVersion;
				minimumVersion = 0.0.5;
			};
		};
		CD702B9D2F29FBC700E22535 /* XCRemoteSwiftPackageReference "swift-toml" */ = {
			isa = XCRemoteSwiftPackageReference;
			repositoryURL = "https://github.com/mattt/swift-toml";
			requirement = {
				kind = upToNextMajorVersion;
				minimumVersion = 2.0.0;
			};
		};
		CD8D475F2F2E606000428E7B /* XCRemoteSwiftPackageReference "GRDB.swift" */ = {
			isa = XCRemoteSwiftPackageReference;
			repositoryURL = "https://github.com/groue/GRDB.swift.git";
			requirement = {
				kind = upToNextMajorVersion;
				minimumVersion = 7.9.0;
			};
		};
		CD9EE26E2F2677A0009248CB /* XCRemoteSwiftPackageReference "Yams" */ = {
			isa = XCRemoteSwiftPackageReference;
			repositoryURL = "https://github.com/jpsim/Yams";
			requirement = {
				kind = upToNextMajorVersion;
				minimumVersion = 6.2.0;
			};
		};
		CDF7A1D030C5BFC7009A00A1 /* XCRemoteSwiftPackageReference "swift-snapshot-testing" */ = {
			isa = XCRemoteSwiftPackageReference;
			repositoryURL = "https://github.com/pointfreeco/swift-snapshot-testing";
			requirement = {
				kind = upToNextMajorVersion;
				minimumVersion = 1.17.6;
			};
		};
		CDFA673F2F3599FB0053E30A /* XCRemoteSwiftPackageReference "STFilePath" */ = {
			isa = XCRemoteSwiftPackageReference;
			repositoryURL = "https://github.com/linhay/STFilePath";
			requirement = {
				kind = upToNextMajorVersion;
				minimumVersion = 1.3.3;
			};
		};
		CDFA67422F359A110053E30A /* XCRemoteSwiftPackageReference "STJSON" */ = {
			isa = XCRemoteSwiftPackageReference;
			repositoryURL = "https://github.com/linhay/STJSON";
			requirement = {
				kind = upToNextMajorVersion;
				minimumVersion = 1.4.4;
			};
		};
		CE11A9A230D0000100A1B2C3 /* XCRemoteSwiftPackageReference "SwiftUI-Shimmer" */ = {
			isa = XCRemoteSwiftPackageReference;
			repositoryURL = "https://github.com/markiv/SwiftUI-Shimmer";
			requirement = {
				kind = upToNextMajorVersion;
				minimumVersion = 1.5.1;
			};
		};
/* End XCRemoteSwiftPackageReference section */

/* Begin XCSwiftPackageProductDependency section */
		CD447BF22F1F79890056366B /* MarkdownUI */ = {
			isa = XCSwiftPackageProductDependency;
			package = CD447BF12F1F79890056366B /* XCRemoteSwiftPackageReference "swift-markdown-ui" */;
			productName = MarkdownUI;
		};
		CD447BF52F1F79890056366B /* Sparkle */ = {
			isa = XCSwiftPackageProductDependency;
			package = CD447BF42F1F79890056366B /* XCRemoteSwiftPackageReference "Sparkle" */;
			productName = Sparkle;
		};
		CD4538D72F3442FC0090D8F7 /* STFilePath */ = {
			isa = XCSwiftPackageProductDependency;
			productName = STFilePath;
		};
		CD4538D92F3448850090D8F7 /* STJSON */ = {
			isa = XCSwiftPackageProductDependency;
			productName = STJSON;
		};
		CD4538DC2F3448C00090D8F7 /* STJSON */ = {
			isa = XCSwiftPackageProductDependency;
			productName = STJSON;
		};
		CD68A7072F371C8E008772E7 /* SKProcessRunner */ = {
			isa = XCSwiftPackageProductDependency;
			package = CD68A7062F371C8E008772E7 /* XCRemoteSwiftPackageReference "SKProcessRunner" */;
			productName = SKProcessRunner;
		};
		CD702B9E2F29FBC700E22535 /* TOML */ = {
			isa = XCSwiftPackageProductDependency;
			package = CD702B9D2F29FBC700E22535 /* XCRemoteSwiftPackageReference "swift-toml" */;
			productName = TOML;
		};
		CD8D47602F2E606000428E7B /* GRDB */ = {
			isa = XCSwiftPackageProductDependency;
			package = CD8D475F2F2E606000428E7B /* XCRemoteSwiftPackageReference "GRDB.swift" */;
			productName = GRDB;
		};
		CD9EE26F2F2677A0009248CB /* Yams */ = {
			isa = XCSwiftPackageProductDependency;
			package = CD9EE26E2F2677A0009248CB /* XCRemoteSwiftPackageReference "Yams" */;
			productName = Yams;
		};
		CDA1903A2F3DA580000DBF77 /* CodexAppServerKit */ = {
			isa = XCSwiftPackageProductDependency;
			productName = CodexAppServerKit;
		};
		CDA1903C2F3DA580000DBF77 /* CodexBarProviderCatalog */ = {
			isa = XCSwiftPackageProductDependency;
			productName = CodexBarProviderCatalog;
		};
		CDA1903E2F3DA580000DBF77 /* CodexCLIKit */ = {
			isa = XCSwiftPackageProductDependency;
			productName = CodexCLIKit;
		};
		CDA190402F3DA580000DBF77 /* CodexProvider */ = {
			isa = XCSwiftPackageProductDependency;
			productName = CodexProvider;
		};
		CDA190422F3DA580000DBF77 /* CopilotProvider */ = {
			isa = XCSwiftPackageProductDependency;
			productName = CopilotProvider;
		};
		CDA190442F3DA580000DBF77 /* ProviderCatalog */ = {
			isa = XCSwiftPackageProductDependency;
			productName = ProviderCatalog;
		};
		CDA190462F3DA580000DBF77 /* ProviderUsage */ = {
			isa = XCSwiftPackageProductDependency;
			productName = ProviderUsage;
		};
		CDA190482F3DA580000DBF77 /* NolonResourceKit */ = {
			isa = XCSwiftPackageProductDependency;
			productName = NolonResourceKit;
		};
		CDA1904A2F3DA580000DBF77 /* NolonCoreCLIKit */ = {
			isa = XCSwiftPackageProductDependency;
			productName = NolonCoreCLIKit;
		};
		CDF7A1D130C5BFC7009A00A1 /* SnapshotTesting */ = {
			isa = XCSwiftPackageProductDependency;
			package = CDF7A1D030C5BFC7009A00A1 /* XCRemoteSwiftPackageReference "swift-snapshot-testing" */;
			productName = SnapshotTesting;
		};
		CDFA67402F3599FB0053E30A /* STFilePath */ = {
			isa = XCSwiftPackageProductDependency;
			package = CDFA673F2F3599FB0053E30A /* XCRemoteSwiftPackageReference "STFilePath" */;
			productName = STFilePath;
		};
		CDFA67432F359A110053E30A /* STJSON */ = {
			isa = XCSwiftPackageProductDependency;
			package = CDFA67422F359A110053E30A /* XCRemoteSwiftPackageReference "STJSON" */;
			productName = STJSON;
		};
		CE11A9A030D0000100A1B2C3 /* Shimmer */ = {
			isa = XCSwiftPackageProductDependency;
			package = CE11A9A230D0000100A1B2C3 /* XCRemoteSwiftPackageReference "SwiftUI-Shimmer" */;
			productName = Shimmer;
		};
		E1A001132F40000100A1B2C3 /* NolonUIFoundation */ = {
			isa = XCSwiftPackageProductDependency;
			productName = NolonUIFoundation;
		};
		E1A001142F40000100A1B2C3 /* NolonUI */ = {
			isa = XCSwiftPackageProductDependency;
			productName = NolonUI;
		};
/* End XCSwiftPackageProductDependency section */
	};
	rootObject = CD2B1A8A2F1F624900DF4A2B /* Project object */;
}
